%{
  "elixir_make": {:hex, :elixir_make, "0.9.0", "6484b3cd8c0cee58f09f05ecaf1a140a8c97670671a6a0e7ab4dc326c3109726", [:mix], [], "hexpm", "db23d4fd8b757462ad02f8aa73431a426fe6671c80b200d9710caf3d1dd0ffdb"},
  "proper": {:hex, :proper, "1.5.0", "4a87ce8b219858e64c9aa015f4f7ed739d0ac3ca6bfd77fa62794617ee784225", [:rebar3], [], "hexpm", "fbf7cf0625e5441a314514f7d8e1eaff52090fcd94ff34b5171ff293d3f9969a"},
}
