{"1.2.0",
[{<<"eqwalizer_support">>,
  {git_subdir,"https://github.com/WhatsApp/eqwalizer.git",
              {ref,"54a74ae351f494328fa77515830a87275088426a"},
              "eqwalizer_support"},
  0},
 {<<"proper">>,
  {git,"https://github.com/proper-testing/proper.git",
       {ref,"5640d0715d4b346676267504d8e84398e2a29f75"}},
  0}]}.
[].
